// !$*UTF8*$!
{
	archiveVersion = 1;
	classes = {
	};
	objectVersion = 55;
	objects = {

/* Begin PBXBuildFile section */
		D173C6E927BE9C0E0041BE8A /* AppDelegate.swift in Sources */ = {isa = PBXBuildFile; fileRef = D173C6E827BE9C0E0041BE8A /* AppDelegate.swift */; };
		D173C6EB27BE9C0E0041BE8A /* SceneDelegate.swift in Sources */ = {isa = PBXBuildFile; fileRef = D173C6EA27BE9C0E0041BE8A /* SceneDelegate.swift */; };
		D173C6ED27BE9C0E0041BE8A /* ViewController.swift in Sources */ = {isa = PBXBuildFile; fileRef = D173C6EC27BE9C0E0041BE8A /* ViewController.swift */; };
		D173C6F027BE9C0E0041BE8A /* Main.storyboard in Resources */ = {isa = PBXBuildFile; fileRef = D173C6EE27BE9C0E0041BE8A /* Main.storyboard */; };
		D173C6F227BE9C0F0041BE8A /* Assets.xcassets in Resources */ = {isa = PBXBuildFile; fileRef = D173C6F127BE9C0F0041BE8A /* Assets.xcassets */; };
		D173C6F527BE9C0F0041BE8A /* LaunchScreen.storyboard in Resources */ = {isa = PBXBuildFile; fileRef = D173C6F327BE9C0F0041BE8A /* LaunchScreen.storyboard */; };
		D173C70027BE9C0F0041BE8A /* WordleTests.swift in Sources */ = {isa = PBXBuildFile; fileRef = D173C6FF27BE9C0F0041BE8A /* WordleTests.swift */; };
		D173C70A27BE9C0F0041BE8A /* WordleUITests.swift in Sources */ = {isa = PBXBuildFile; fileRef = D173C70927BE9C0F0041BE8A /* WordleUITests.swift */; };
		D173C70C27BE9C0F0041BE8A /* WordleUITestsLaunchTests.swift in Sources */ = {isa = PBXBuildFile; fileRef = D173C70B27BE9C0F0041BE8A /* WordleUITestsLaunchTests.swift */; };
		D173C71927BEA32F0041BE8A /* Backend.swift in Sources */ = {isa = PBXBuildFile; fileRef = D173C71827BEA32F0041BE8A /* Backend.swift */; };
		D173C71B27BEA33E0041BE8A /* OrganizationElements.swift in Sources */ = {isa = PBXBuildFile; fileRef = D173C71A27BEA33E0041BE8A /* OrganizationElements.swift */; };
		D173C71D27BEA9CC0041BE8A /* Extra.swift in Sources */ = {isa = PBXBuildFile; fileRef = D173C71C27BEA9CC0041BE8A /* Extra.swift */; };
/* End PBXBuildFile section */

/* Begin PBXContainerItemProxy section */
		D173C6FC27BE9C0F0041BE8A /* PBXContainerItemProxy */ = {
			isa = PBXContainerItemProxy;
			containerPortal = D173C6DD27BE9C0E0041BE8A /* Project object */;
			proxyType = 1;
			remoteGlobalIDString = D173C6E427BE9C0E0041BE8A;
			remoteInfo = Wordle;
		};
		D173C70627BE9C0F0041BE8A /* PBXContainerItemProxy */ = {
			isa = PBXContainerItemProxy;
			containerPortal = D173C6DD27BE9C0E0041BE8A /* Project object */;
			proxyType = 1;
			remoteGlobalIDString = D173C6E427BE9C0E0041BE8A;
			remoteInfo = Wordle;
		};
/* End PBXContainerItemProxy section */

/* Begin PBXFileReference section */
		D173C6E527BE9C0E0041BE8A /* Wordle.app */ = {isa = PBXFileReference; explicitFileType = wrapper.application; includeInIndex = 0; path = Wordle.app; sourceTree = BUILT_PRODUCTS_DIR; };
		D173C6E827BE9C0E0041BE8A /* AppDelegate.swift */ = {isa = PBXFileReference; lastKnownFileType = sourcecode.swift; path = AppDelegate.swift; sourceTree = "<group>"; };
		D173C6EA27BE9C0E0041BE8A /* SceneDelegate.swift */ = {isa = PBXFileReference; lastKnownFileType = sourcecode.swift; path = SceneDelegate.swift; sourceTree = "<group>"; };
		D173C6EC27BE9C0E0041BE8A /* ViewController.swift */ = {isa = PBXFileReference; lastKnownFileType = sourcecode.swift; path = ViewController.swift; sourceTree = "<group>"; };
		D173C6EF27BE9C0E0041BE8A /* Base */ = {isa = PBXFileReference; lastKnownFileType = file.storyboard; name = Base; path = Base.lproj/Main.storyboard; sourceTree = "<group>"; };
		D173C6F127BE9C0F0041BE8A /* Assets.xcassets */ = {isa = PBXFileReference; lastKnownFileType = folder.assetcatalog; path = Assets.xcassets; sourceTree = "<group>"; };
		D173C6F427BE9C0F0041BE8A /* Base */ = {isa = PBXFileReference; lastKnownFileType = file.storyboard; name = Base; path = Base.lproj/LaunchScreen.storyboard; sourceTree = "<group>"; };
		D173C6F627BE9C0F0041BE8A /* Info.plist */ = {isa = PBXFileReference; lastKnownFileType = text.plist.xml; path = Info.plist; sourceTree = "<group>"; };
		D173C6FB27BE9C0F0041BE8A /* WordleTests.xctest */ = {isa = PBXFileReference; explicitFileType = wrapper.cfbundle; includeInIndex = 0; path = WordleTests.xctest; sourceTree = BUILT_PRODUCTS_DIR; };
		D173C6FF27BE9C0F0041BE8A /* WordleTests.swift */ = {isa = PBXFileReference; lastKnownFileType = sourcecode.swift; path = WordleTests.swift; sourceTree = "<group>"; };
		D173C70527BE9C0F0041BE8A /* WordleUITests.xctest */ = {isa = PBXFileReference; explicitFileType = wrapper.cfbundle; includeInIndex = 0; path = WordleUITests.xctest; sourceTree = BUILT_PRODUCTS_DIR; };
		D173C70927BE9C0F0041BE8A /* WordleUITests.swift */ = {isa = PBXFileReference; lastKnownFileType = sourcecode.swift; path = WordleUITests.swift; sourceTree = "<group>"; };
		D173C70B27BE9C0F0041BE8A /* WordleUITestsLaunchTests.swift */ = {isa = PBXFileReference; lastKnownFileType = sourcecode.swift; path = WordleUITestsLaunchTests.swift; sourceTree = "<group>"; };
		D173C71827BEA32F0041BE8A /* Backend.swift */ = {isa = PBXFileReference; lastKnownFileType = sourcecode.swift; path = Backend.swift; sourceTree = "<group>"; };
		D173C71A27BEA33E0041BE8A /* OrganizationElements.swift */ = {isa = PBXFileReference; lastKnownFileType = sourcecode.swift; path = OrganizationElements.swift; sourceTree = "<group>"; };
		D173C71C27BEA9CC0041BE8A /* Extra.swift */ = {isa = PBXFileReference; lastKnownFileType = sourcecode.swift; path = Extra.swift; sourceTree = "<group>"; };
/* End PBXFileReference section */

/* Begin PBXFrameworksBuildPhase section */
		D173C6E227BE9C0E0041BE8A /* Frameworks */ = {
			isa = PBXFrameworksBuildPhase;
			buildActionMask = 2147483647;
			files = (
			);
			runOnlyForDeploymentPostprocessing = 0;
		};
		D173C6F827BE9C0F0041BE8A /* Frameworks */ = {
			isa = PBXFrameworksBuildPhase;
			buildActionMask = 2147483647;
			files = (
			);
			runOnlyForDeploymentPostprocessing = 0;
		};
		D173C70227BE9C0F0041BE8A /* Frameworks */ = {
			isa = PBXFrameworksBuildPhase;
			buildActionMask = 2147483647;
			files = (
			);
			runOnlyForDeploymentPostprocessing = 0;
		};
/* End PBXFrameworksBuildPhase section */

/* Begin PBXGroup section */
		D173C6DC27BE9C0E0041BE8A = {
			isa = PBXGroup;
			children = (
				D173C6E727BE9C0E0041BE8A /* Wordle */,
				D173C6FE27BE9C0F0041BE8A /* WordleTests */,
				D173C70827BE9C0F0041BE8A /* WordleUITests */,
				D173C6E627BE9C0E0041BE8A /* Products */,
			);
			sourceTree = "<group>";
		};
		D173C6E627BE9C0E0041BE8A /* Products */ = {
			isa = PBXGroup;
			children = (
				D173C6E527BE9C0E0041BE8A /* Wordle.app */,
				D173C6FB27BE9C0F0041BE8A /* WordleTests.xctest */,
				D173C70527BE9C0F0041BE8A /* WordleUITests.xctest */,
			);
			name = Products;
			sourceTree = "<group>";
		};
		D173C6E727BE9C0E0041BE8A /* Wordle */ = {
			isa = PBXGroup;
			children = (
				D173C6E827BE9C0E0041BE8A /* AppDelegate.swift */,
				D173C6EA27BE9C0E0041BE8A /* SceneDelegate.swift */,
				D173C6EC27BE9C0E0041BE8A /* ViewController.swift */,
				D173C71827BEA32F0041BE8A /* Backend.swift */,
				D173C71A27BEA33E0041BE8A /* OrganizationElements.swift */,
				D173C71C27BEA9CC0041BE8A /* Extra.swift */,
				D173C6EE27BE9C0E0041BE8A /* Main.storyboard */,
				D173C6F127BE9C0F0041BE8A /* Assets.xcassets */,
				D173C6F327BE9C0F0041BE8A /* LaunchScreen.storyboard */,
				D173C6F627BE9C0F0041BE8A /* Info.plist */,
			);
			path = Wordle;
			sourceTree = "<group>";
		};
		D173C6FE27BE9C0F0041BE8A /* WordleTests */ = {
			isa = PBXGroup;
			children = (
				D173C6FF27BE9C0F0041BE8A /* WordleTests.swift */,
			);
			path = WordleTests;
			sourceTree = "<group>";
		};
		D173C70827BE9C0F0041BE8A /* WordleUITests */ = {
			isa = PBXGroup;
			children = (
				D173C70927BE9C0F0041BE8A /* WordleUITests.swift */,
				D173C70B27BE9C0F0041BE8A /* WordleUITestsLaunchTests.swift */,
			);
			path = WordleUITests;
			sourceTree = "<group>";
		};
/* End PBXGroup section */

/* Begin PBXNativeTarget section */
		D173C6E427BE9C0E0041BE8A /* Wordle */ = {
			isa = PBXNativeTarget;
			buildConfigurationList = D173C70F27BE9C0F0041BE8A /* Build configuration list for PBXNativeTarget "Wordle" */;
			buildPhases = (
				D173C6E127BE9C0E0041BE8A /* Sources */,
				D173C6E227BE9C0E0041BE8A /* Frameworks */,
				D173C6E327BE9C0E0041BE8A /* Resources */,
			);
			buildRules = (
			);
			dependencies = (
			);
			name = Wordle;
			productName = Wordle;
			productReference = D173C6E527BE9C0E0041BE8A /* Wordle.app */;
			productType = "com.apple.product-type.application";
		};
		D173C6FA27BE9C0F0041BE8A /* WordleTests */ = {
			isa = PBXNativeTarget;
			buildConfigurationList = D173C71227BE9C0F0041BE8A /* Build configuration list for PBXNativeTarget "WordleTests" */;
			buildPhases = (
				D173C6F727BE9C0F0041BE8A /* Sources */,
				D173C6F827BE9C0F0041BE8A /* Frameworks */,
				D173C6F927BE9C0F0041BE8A /* Resources */,
			);
			buildRules = (
			);
			dependencies = (
				D173C6FD27BE9C0F0041BE8A /* PBXTargetDependency */,
			);
			name = WordleTests;
			productName = WordleTests;
			productReference = D173C6FB27BE9C0F0041BE8A /* WordleTests.xctest */;
			productType = "com.apple.product-type.bundle.unit-test";
		};
		D173C70427BE9C0F0041BE8A /* WordleUITests */ = {
			isa = PBXNativeTarget;
			buildConfigurationList = D173C71527BE9C0F0041BE8A /* Build configuration list for PBXNativeTarget "WordleUITests" */;
			buildPhases = (
				D173C70127BE9C0F0041BE8A /* Sources */,
				D173C70227BE9C0F0041BE8A /* Frameworks */,
				D173C70327BE9C0F0041BE8A /* Resources */,
			);
			buildRules = (
			);
			dependencies = (
				D173C70727BE9C0F0041BE8A /* PBXTargetDependency */,
			);
			name = WordleUITests;
			productName = WordleUITests;
			productReference = D173C70527BE9C0F0041BE8A /* WordleUITests.xctest */;
			productType = "com.apple.product-type.bundle.ui-testing";
		};
/* End PBXNativeTarget section */

/* Begin PBXProject section */
		D173C6DD27BE9C0E0041BE8A /* Project object */ = {
			isa = PBXProject;
			attributes = {
				BuildIndependentTargetsInParallel = 1;
				LastSwiftUpdateCheck = 1320;
				LastUpgradeCheck = 1320;
				TargetAttributes = {
					D173C6E427BE9C0E0041BE8A = {
						CreatedOnToolsVersion = 13.2.1;
					};
					D173C6FA27BE9C0F0041BE8A = {
						CreatedOnToolsVersion = 13.2.1;
						TestTargetID = D173C6E427BE9C0E0041BE8A;
					};
					D173C70427BE9C0F0041BE8A = {
						CreatedOnToolsVersion = 13.2.1;
						TestTargetID = D173C6E427BE9C0E0041BE8A;
					};
				};
			};
			buildConfigurationList = D173C6E027BE9C0E0041BE8A /* Build configuration list for PBXProject "Wordle" */;
			compatibilityVersion = "Xcode 13.0";
			developmentRegion = en;
			hasScannedForEncodings = 0;
			knownRegions = (
				en,
				Base,
			);
			mainGroup = D173C6DC27BE9C0E0041BE8A;
			productRefGroup = D173C6E627BE9C0E0041BE8A /* Products */;
			projectDirPath = "";
			projectRoot = "";
			targets = (
				D173C6E427BE9C0E0041BE8A /* Wordle */,
				D173C6FA27BE9C0F0041BE8A /* WordleTests */,
				D173C70427BE9C0F0041BE8A /* WordleUITests */,
			);
		};
/* End PBXProject section */

/* Begin PBXResourcesBuildPhase section */
		D173C6E327BE9C0E0041BE8A /* Resources */ = {
			isa = PBXResourcesBuildPhase;
			buildActionMask = 2147483647;
			files = (
				D173C6F527BE9C0F0041BE8A /* LaunchScreen.storyboard in Resources */,
				D173C6F227BE9C0F0041BE8A /* Assets.xcassets in Resources */,
				D173C6F027BE9C0E0041BE8A /* Main.storyboard in Resources */,
			);
			runOnlyForDeploymentPostprocessing = 0;
		};
		D173C6F927BE9C0F0041BE8A /* Resources */ = {
			isa = PBXResourcesBuildPhase;
			buildActionMask = 2147483647;
			files = (
			);
			runOnlyForDeploymentPostprocessing = 0;
		};
		D173C70327BE9C0F0041BE8A /* Resources */ = {
			isa = PBXResourcesBuildPhase;
			buildActionMask = 2147483647;
			files = (
			);
			runOnlyForDeploymentPostprocessing = 0;
		};
/* End PBXResourcesBuildPhase section */

/* Begin PBXSourcesBuildPhase section */
		D173C6E127BE9C0E0041BE8A /* Sources */ = {
			isa = PBXSourcesBuildPhase;
			buildActionMask = 2147483647;
			files = (
				D173C71927BEA32F0041BE8A /* Backend.swift in Sources */,
				D173C6ED27BE9C0E0041BE8A /* ViewController.swift in Sources */,
				D173C71D27BEA9CC0041BE8A /* Extra.swift in Sources */,
				D173C71B27BEA33E0041BE8A /* OrganizationElements.swift in Sources */,
				D173C6E927BE9C0E0041BE8A /* AppDelegate.swift in Sources */,
				D173C6EB27BE9C0E0041BE8A /* SceneDelegate.swift in Sources */,
			);
			runOnlyForDeploymentPostprocessing = 0;
		};
		D173C6F727BE9C0F0041BE8A /* Sources */ = {
			isa = PBXSourcesBuildPhase;
			buildActionMask = 2147483647;
			files = (
				D173C70027BE9C0F0041BE8A /* WordleTests.swift in Sources */,
			);
			runOnlyForDeploymentPostprocessing = 0;
		};
		D173C70127BE9C0F0041BE8A /* Sources */ = {
			isa = PBXSourcesBuildPhase;
			buildActionMask = 2147483647;
			files = (
				D173C70A27BE9C0F0041BE8A /* WordleUITests.swift in Sources */,
				D173C70C27BE9C0F0041BE8A /* WordleUITestsLaunchTests.swift in Sources */,
			);
			runOnlyForDeploymentPostprocessing = 0;
		};
/* End PBXSourcesBuildPhase section */

/* Begin PBXTargetDependency section */
		D173C6FD27BE9C0F0041BE8A /* PBXTargetDependency */ = {
			isa = PBXTargetDependency;
			target = D173C6E427BE9C0E0041BE8A /* Wordle */;
			targetProxy = D173C6FC27BE9C0F0041BE8A /* PBXContainerItemProxy */;
		};
		D173C70727BE9C0F0041BE8A /* PBXTargetDependency */ = {
			isa = PBXTargetDependency;
			target = D173C6E427BE9C0E0041BE8A /* Wordle */;
			targetProxy = D173C70627BE9C0F0041BE8A /* PBXContainerItemProxy */;
		};
/* End PBXTargetDependency section */

/* Begin PBXVariantGroup section */
		D173C6EE27BE9C0E0041BE8A /* Main.storyboard */ = {
			isa = PBXVariantGroup;
			children = (
				D173C6EF27BE9C0E0041BE8A /* Base */,
			);
			name = Main.storyboard;
			sourceTree = "<group>";
		};
		D173C6F327BE9C0F0041BE8A /* LaunchScreen.storyboard */ = {
			isa = PBXVariantGroup;
			children = (
				D173C6F427BE9C0F0041BE8A /* Base */,
			);
			name = LaunchScreen.storyboard;
			sourceTree = "<group>";
		};
/* End PBXVariantGroup section */

/* Begin XCBuildConfiguration section */
		D173C70D27BE9C0F0041BE8A /* Debug */ = {
			isa = XCBuildConfiguration;
			buildSettings = {
				ALWAYS_SEARCH_USER_PATHS = NO;
				CLANG_ANALYZER_NONNULL = YES;
				CLANG_ANALYZER_NUMBER_OBJECT_CONVERSION = YES_AGGRESSIVE;
				CLANG_CXX_LANGUAGE_STANDARD = "gnu++17";
				CLANG_CXX_LIBRARY = "libc++";
				CLANG_ENABLE_MODULES = YES;
				CLANG_ENABLE_OBJC_ARC = YES;
				CLANG_ENABLE_OBJC_WEAK = YES;
				CLANG_WARN_BLOCK_CAPTURE_AUTORELEASING = YES;
				CLANG_WARN_BOOL_CONVERSION = YES;
				CLANG_WARN_COMMA = YES;
				CLANG_WARN_CONSTANT_CONVERSION = YES;
				CLANG_WARN_DEPRECATED_OBJC_IMPLEMENTATIONS = YES;
				CLANG_WARN_DIRECT_OBJC_ISA_USAGE = YES_ERROR;
				CLANG_WARN_DOCUMENTATION_COMMENTS = YES;
				CLANG_WARN_EMPTY_BODY = YES;
				CLANG_WARN_ENUM_CONVERSION = YES;
				CLANG_WARN_INFINITE_RECURSION = YES;
				CLANG_WARN_INT_CONVERSION = YES;
				CLANG_WARN_NON_LITERAL_NULL_CONVERSION = YES;
				CLANG_WARN_OBJC_IMPLICIT_RETAIN_SELF = YES;
				CLANG_WARN_OBJC_LITERAL_CONVERSION = YES;
				CLANG_WARN_OBJC_ROOT_CLASS = YES_ERROR;
				CLANG_WARN_QUOTED_INCLUDE_IN_FRAMEWORK_HEADER = YES;
				CLANG_WARN_RANGE_LOOP_ANALYSIS = YES;
				CLANG_WARN_STRICT_PROTOTYPES = YES;
				CLANG_WARN_SUSPICIOUS_MOVE = YES;
				CLANG_WARN_UNGUARDED_AVAILABILITY = YES_AGGRESSIVE;
				CLANG_WARN_UNREACHABLE_CODE = YES;
				CLANG_WARN__DUPLICATE_METHOD_MATCH = YES;
				COPY_PHASE_STRIP = NO;
				DEBUG_INFORMATION_FORMAT = dwarf;
				ENABLE_STRICT_OBJC_MSGSEND = YES;
				ENABLE_TESTABILITY = YES;
				GCC_C_LANGUAGE_STANDARD = gnu11;
				GCC_DYNAMIC_NO_PIC = NO;
				GCC_NO_COMMON_BLOCKS = YES;
				GCC_OPTIMIZATION_LEVEL = 0;
				GCC_PREPROCESSOR_DEFINITIONS = (
					"DEBUG=1",
					"$(inherited)",
				);
				GCC_WARN_64_TO_32_BIT_CONVERSION = YES;
				GCC_WARN_ABOUT_RETURN_TYPE = YES_ERROR;
				GCC_WARN_UNDECLARED_SELECTOR = YES;
				GCC_WARN_UNINITIALIZED_AUTOS = YES_AGGRESSIVE;
				GCC_WARN_UNUSED_FUNCTION = YES;
				GCC_WARN_UNUSED_VARIABLE = YES;
				IPHONEOS_DEPLOYMENT_TARGET = 15.2;
				MTL_ENABLE_DEBUG_INFO = INCLUDE_SOURCE;
				MTL_FAST_MATH = YES;
				ONLY_ACTIVE_ARCH = YES;
				SDKROOT = iphoneos;
				SWIFT_ACTIVE_COMPILATION_CONDITIONS = DEBUG;
				SWIFT_OPTIMIZATION_LEVEL = "-Onone";
			};
			name = Debug;
		};
		D173C70E27BE9C0F0041BE8A /* Release */ = {
			isa = XCBuildConfiguration;
			buildSettings = {
				ALWAYS_SEARCH_USER_PATHS = NO;
				CLANG_ANALYZER_NONNULL = YES;
				CLANG_ANALYZER_NUMBER_OBJECT_CONVERSION = YES_AGGRESSIVE;
				CLANG_CXX_LANGUAGE_STANDARD = "gnu++17";
				CLANG_CXX_LIBRARY = "libc++";
				CLANG_ENABLE_MODULES = YES;
				CLANG_ENABLE_OBJC_ARC = YES;
				CLANG_ENABLE_OBJC_WEAK = YES;
				CLANG_WARN_BLOCK_CAPTURE_AUTORELEASING = YES;
				CLANG_WARN_BOOL_CONVERSION = YES;
				CLANG_WARN_COMMA = YES;
				CLANG_WARN_CONSTANT_CONVERSION = YES;
				CLANG_WARN_DEPRECATED_OBJC_IMPLEMENTATIONS = YES;
				CLANG_WARN_DIRECT_OBJC_ISA_USAGE = YES_ERROR;
				CLANG_WARN_DOCUMENTATION_COMMENTS = YES;
				CLANG_WARN_EMPTY_BODY = YES;
				CLANG_WARN_ENUM_CONVERSION = YES;
				CLANG_WARN_INFINITE_RECURSION = YES;
				CLANG_WARN_INT_CONVERSION = YES;
				CLANG_WARN_NON_LITERAL_NULL_CONVERSION = YES;
				CLANG_WARN_OBJC_IMPLICIT_RETAIN_SELF = YES;
				CLANG_WARN_OBJC_LITERAL_CONVERSION = YES;
				CLANG_WARN_OBJC_ROOT_CLASS = YES_ERROR;
				CLANG_WARN_QUOTED_INCLUDE_IN_FRAMEWORK_HEADER = YES;
				CLANG_WARN_RANGE_LOOP_ANALYSIS = YES;
				CLANG_WARN_STRICT_PROTOTYPES = YES;
				CLANG_WARN_SUSPICIOUS_MOVE = YES;
				CLANG_WARN_UNGUARDED_AVAILABILITY = YES_AGGRESSIVE;
				CLANG_WARN_UNREACHABLE_CODE = YES;
				CLANG_WARN__DUPLICATE_METHOD_MATCH = YES;
				COPY_PHASE_STRIP = NO;
				DEBUG_INFORMATION_FORMAT = "dwarf-with-dsym";
				ENABLE_NS_ASSERTIONS = NO;
				ENABLE_STRICT_OBJC_MSGSEND = YES;
				GCC_C_LANGUAGE_STANDARD = gnu11;
				GCC_NO_COMMON_BLOCKS = YES;
				GCC_WARN_64_TO_32_BIT_CONVERSION = YES;
				GCC_WARN_ABOUT_RETURN_TYPE = YES_ERROR;
				GCC_WARN_UNDECLARED_SELECTOR = YES;
				GCC_WARN_UNINITIALIZED_AUTOS = YES_AGGRESSIVE;
				GCC_WARN_UNUSED_FUNCTION = YES;
				GCC_WARN_UNUSED_VARIABLE = YES;
				IPHONEOS_DEPLOYMENT_TARGET = 15.2;
				MTL_ENABLE_DEBUG_INFO = NO;
				MTL_FAST_MATH = YES;
				SDKROOT = iphoneos;
				SWIFT_COMPILATION_MODE = wholemodule;
				SWIFT_OPTIMIZATION_LEVEL = "-O";
				VALIDATE_PRODUCT = YES;
			};
			name = Release;
		};
		D173C71027BE9C0F0041BE8A /* Debug */ = {
			isa = XCBuildConfiguration;
			buildSettings = {
				ASSETCATALOG_COMPILER_APPICON_NAME = AppIcon;
				ASSETCATALOG_COMPILER_GLOBAL_ACCENT_COLOR_NAME = AccentColor;
				CODE_SIGN_STYLE = Automatic;
				CURRENT_PROJECT_VERSION = 1;
				DEVELOPMENT_TEAM = M9D5379H93;
				GENERATE_INFOPLIST_FILE = YES;
				INFOPLIST_FILE = Wordle/Info.plist;
				INFOPLIST_KEY_UIApplicationSupportsIndirectInputEvents = YES;
				INFOPLIST_KEY_UILaunchStoryboardName = LaunchScreen;
				INFOPLIST_KEY_UIMainStoryboardFile = Main;
				INFOPLIST_KEY_UISupportedInterfaceOrientations = UIInterfaceOrientationPortrait;
				INFOPLIST_KEY_UISupportedInterfaceOrientations_iPad = "UIInterfaceOrientationPortrait UIInterfaceOrientationPortraitUpsideDown UIInterfaceOrientationLandscapeLeft UIInterfaceOrientationLandscapeRight";
				INFOPLIST_KEY_UISupportedInterfaceOrientations_iPhone = "UIInterfaceOrientationPortrait UIInterfaceOrientationLandscapeLeft UIInterfaceOrientationLandscapeRight";
				LD_RUNPATH_SEARCH_PATHS = (
					"$(inherited)",
					"@executable_path/Frameworks",
				);
				MARKETING_VERSION = 1.0;
				PRODUCT_BUNDLE_IDENTIFIER = dev.emmetts.Wordle;
				PRODUCT_NAME = "$(TARGET_NAME)";
				SWIFT_EMIT_LOC_STRINGS = YES;
				SWIFT_VERSION = 5.0;
				TARGETED_DEVICE_FAMILY = 1;
			};
			name = Debug;
		};
		D173C71127BE9C0F0041BE8A /* Release */ = {
			isa = XCBuildConfiguration;
			buildSettings = {
				ASSETCATALOG_COMPILER_APPICON_NAME = AppIcon;
				ASSETCATALOG_COMPILER_GLOBAL_ACCENT_COLOR_NAME = AccentColor;
				CODE_SIGN_STYLE = Automatic;
				CURRENT_PROJECT_VERSION = 1;
				DEVELOPMENT_TEAM = M9D5379H93;
				GENERATE_INFOPLIST_FILE = YES;
				INFOPLIST_FILE = Wordle/Info.plist;
				INFOPLIST_KEY_UIApplicationSupportsIndirectInputEvents = YES;
				INFOPLIST_KEY_UILaunchStoryboardName = LaunchScreen;
				INFOPLIST_KEY_UIMainStoryboardFile = Main;
				INFOPLIST_KEY_UISupportedInterfaceOrientations = UIInterfaceOrientationPortrait;
				INFOPLIST_KEY_UISupportedInterfaceOrientations_iPad = "UIInterfaceOrientationPortrait UIInterfaceOrientationPortraitUpsideDown UIInterfaceOrientationLandscapeLeft UIInterfaceOrientationLandscapeRight";
				INFOPLIST_KEY_UISupportedInterfaceOrientations_iPhone = "UIInterfaceOrientationPortrait UIInterfaceOrientationLandscapeLeft UIInterfaceOrientationLandscapeRight";
				LD_RUNPATH_SEARCH_PATHS = (
					"$(inherited)",
					"@executable_path/Frameworks",
				);
				MARKETING_VERSION = 1.0;
				PRODUCT_BUNDLE_IDENTIFIER = dev.emmetts.Wordle;
				PRODUCT_NAME = "$(TARGET_NAME)";
				SWIFT_EMIT_LOC_STRINGS = YES;
				SWIFT_VERSION = 5.0;
				TARGETED_DEVICE_FAMILY = 1;
			};
			name = Release;
		};
		D173C71327BE9C0F0041BE8A /* Debug */ = {
			isa = XCBuildConfiguration;
			buildSettings = {
				ALWAYS_EMBED_SWIFT_STANDARD_LIBRARIES = YES;
				BUNDLE_LOADER = "$(TEST_HOST)";
				CODE_SIGN_STYLE = Automatic;
				CURRENT_PROJECT_VERSION = 1;
				DEVELOPMENT_TEAM = M9D5379H93;
				GENERATE_INFOPLIST_FILE = YES;
				IPHONEOS_DEPLOYMENT_TARGET = 15.2;
				MARKETING_VERSION = 1.0;
				PRODUCT_BUNDLE_IDENTIFIER = dev.emmetts.WordleTests;
				PRODUCT_NAME = "$(TARGET_NAME)";
				SWIFT_EMIT_LOC_STRINGS = NO;
				SWIFT_VERSION = 5.0;
				TARGETED_DEVICE_FAMILY = "1,2";
				TEST_HOST = "$(BUILT_PRODUCTS_DIR)/Wordle.app/Wordle";
			};
			name = Debug;
		};
		D173C71427BE9C0F0041BE8A /* Release */ = {
			isa = XCBuildConfiguration;
			buildSettings = {
				ALWAYS_EMBED_SWIFT_STANDARD_LIBRARIES = YES;
				BUNDLE_LOADER = "$(TEST_HOST)";
				CODE_SIGN_STYLE = Automatic;
				CURRENT_PROJECT_VERSION = 1;
				DEVELOPMENT_TEAM = M9D5379H93;
				GENERATE_INFOPLIST_FILE = YES;
				IPHONEOS_DEPLOYMENT_TARGET = 15.2;
				MARKETING_VERSION = 1.0;
				PRODUCT_BUNDLE_IDENTIFIER = dev.emmetts.WordleTests;
				PRODUCT_NAME = "$(TARGET_NAME)";
				SWIFT_EMIT_LOC_STRINGS = NO;
				SWIFT_VERSION = 5.0;
				TARGETED_DEVICE_FAMILY = "1,2";
				TEST_HOST = "$(BUILT_PRODUCTS_DIR)/Wordle.app/Wordle";
			};
			name = Release;
		};
		D173C71627BE9C0F0041BE8A /* Debug */ = {
			isa = XCBuildConfiguration;
			buildSettings = {
				ALWAYS_EMBED_SWIFT_STANDARD_LIBRARIES = YES;
				CODE_SIGN_STYLE = Automatic;
				CURRENT_PROJECT_VERSION = 1;
				DEVELOPMENT_TEAM = M9D5379H93;
				GENERATE_INFOPLIST_FILE = YES;
				MARKETING_VERSION = 1.0;
				PRODUCT_BUNDLE_IDENTIFIER = dev.emmetts.WordleUITests;
				PRODUCT_NAME = "$(TARGET_NAME)";
				SWIFT_EMIT_LOC_STRINGS = NO;
				SWIFT_VERSION = 5.0;
				TARGETED_DEVICE_FAMILY = "1,2";
				TEST_TARGET_NAME = Wordle;
			};
			name = Debug;
		};
		D173C71727BE9C0F0041BE8A /* Release */ = {
			isa = XCBuildConfiguration;
			buildSettings = {
				ALWAYS_EMBED_SWIFT_STANDARD_LIBRARIES = YES;
				CODE_SIGN_STYLE = Automatic;
				CURRENT_PROJECT_VERSION = 1;
				DEVELOPMENT_TEAM = M9D5379H93;
				GENERATE_INFOPLIST_FILE = YES;
				MARKETING_VERSION = 1.0;
				PRODUCT_BUNDLE_IDENTIFIER = dev.emmetts.WordleUITests;
				PRODUCT_NAME = "$(TARGET_NAME)";
				SWIFT_EMIT_LOC_STRINGS = NO;
				SWIFT_VERSION = 5.0;
				TARGETED_DEVICE_FAMILY = "1,2";
				TEST_TARGET_NAME = Wordle;
			};
			name = Release;
		};
/* End XCBuildConfiguration section */

/* Begin XCConfigurationList section */
		D173C6E027BE9C0E0041BE8A /* Build configuration list for PBXProject "Wordle" */ = {
			isa = XCConfigurationList;
			buildConfigurations = (
				D173C70D27BE9C0F0041BE8A /* Debug */,
				D173C70E27BE9C0F0041BE8A /* Release */,
			);
			defaultConfigurationIsVisible = 0;
			defaultConfigurationName = Release;
		};
		D173C70F27BE9C0F0041BE8A /* Build configuration list for PBXNativeTarget "Wordle" */ = {
			isa = XCConfigurationList;
			buildConfigurations = (
				D173C71027BE9C0F0041BE8A /* Debug */,
				D173C71127BE9C0F0041BE8A /* Release */,
			);
			defaultConfigurationIsVisible = 0;
			defaultConfigurationName = Release;
		};
		D173C71227BE9C0F0041BE8A /* Build configuration list for PBXNativeTarget "WordleTests" */ = {
			isa = XCConfigurationList;
			buildConfigurations = (
				D173C71327BE9C0F0041BE8A /* Debug */,
				D173C71427BE9C0F0041BE8A /* Release */,
			);
			defaultConfigurationIsVisible = 0;
			defaultConfigurationName = Release;
		};
		D173C71527BE9C0F0041BE8A /* Build configuration list for PBXNativeTarget "WordleUITests" */ = {
			isa = XCConfigurationList;
			buildConfigurations = (
				D173C71627BE9C0F0041BE8A /* Debug */,
				D173C71727BE9C0F0041BE8A /* Release */,
			);
			defaultConfigurationIsVisible = 0;
			defaultConfigurationName = Release;
		};
/* End XCConfigurationList section */
	};
	rootObject = D173C6DD27BE9C0E0041BE8A /* Project object */;
}
